// !$*UTF8*$!
{
	archiveVersion = 1;
	classes = {
	};
	objectVersion = 50;
	objects = {

/* Begin PBXBuildFile section */
		42DAE03624CAB6FE0020FC27 /* AppDelegate.swift in Sources */ = {isa = PBXBuildFile; fileRef = 42DAE03524CAB6FE0020FC27 /* AppDelegate.swift */; };
		42DAE03824CAB6FE0020FC27 /* SceneDelegate.swift in Sources */ = {isa = PBXBuildFile; fileRef = 42DAE03724CAB6FE0020FC27 /* SceneDelegate.swift */; };
		42DAE03A24CAB6FE0020FC27 /* ViewController.swift in Sources */ = {isa = PBXBuildFile; fileRef = 42DAE03924CAB6FE0020FC27 /* ViewController.swift */; };
		42DAE03D24CAB6FE0020FC27 /* Main.storyboard in Resources */ = {isa = PBXBuildFile; fileRef = 42DAE03B24CAB6FE0020FC27 /* Main.storyboard */; };
		42DAE03F24CAB7000020FC27 /* Assets.xcassets in Resources */ = {isa = PBXBuildFile; fileRef = 42DAE03E24CAB7000020FC27 /* Assets.xcassets */; };
		42DAE04224CAB7000020FC27 /* LaunchScreen.storyboard in Resources */ = {isa = PBXBuildFile; fileRef = 42DAE04024CAB7000020FC27 /* LaunchScreen.storyboard */; };
/* End PBXBuildFile section */

/* Begin PBXFileReference section */
		42DAE03224CAB6FE0020FC27 /* TinderButForYelp.app */ = {isa = PBXFileReference; explicitFileType = wrapper.application; includeInIndex = 0; path = TinderButForYelp.app; sourceTree = BUILT_PRODUCTS_DIR; };
		42DAE03524CAB6FE0020FC27 /* AppDelegate.swift */ = {isa = PBXFileReference; lastKnownFileType = sourcecode.swift; path = AppDelegate.swift; sourceTree = "<group>"; };
		42DAE03724CAB6FE0020FC27 /* SceneDelegate.swift */ = {isa = PBXFileReference; lastKnownFileType = sourcecode.swift; path = SceneDelegate.swift; sourceTree = "<group>"; };
		42DAE03924CAB6FE0020FC27 /* ViewController.swift */ = {isa = PBXFileReference; lastKnownFileType = sourcecode.swift; path = ViewController.swift; sourceTree = "<group>"; };
		42DAE03C24CAB6FE0020FC27 /* Base */ = {isa = PBXFileReference; lastKnownFileType = file.storyboard; name = Base; path = Base.lproj/Main.storyboard; sourceTree = "<group>"; };
		42DAE03E24CAB7000020FC27 /* Assets.xcassets */ = {isa = PBXFileReference; lastKnownFileType = folder.assetcatalog; path = Assets.xcassets; sourceTree = "<group>"; };
		42DAE04124CAB7000020FC27 /* Base */ = {isa = PBXFileReference; lastKnownFileType = file.storyboard; name = Base; path = Base.lproj/LaunchScreen.storyboard; sourceTree = "<group>"; };
		42DAE04324CAB7000020FC27 /* Info.plist */ = {isa = PBXFileReference; lastKnownFileType = text.plist.xml; path = Info.plist; sourceTree = "<group>"; };
/* End PBXFileReference section */

/* Begin PBXFrameworksBuildPhase section */
		42DAE02F24CAB6FE0020FC27 /* Frameworks */ = {
			isa = PBXFrameworksBuildPhase;
			buildActionMask = 2147483647;
			files = (
			);
			runOnlyForDeploymentPostprocessing = 0;
		};
/* End PBXFrameworksBuildPhase section */

/* Begin PBXGroup section */
		42DAE02924CAB6FD0020FC27 = {
			isa = PBXGroup;
			children = (
				42DAE03424CAB6FE0020FC27 /* TinderButForYelp */,
				42DAE03324CAB6FE0020FC27 /* Products */,
			);
			sourceTree = "<group>";
		};
		42DAE03324CAB6FE0020FC27 /* Products */ = {
			isa = PBXGroup;
			children = (
				42DAE03224CAB6FE0020FC27 /* TinderButForYelp.app */,
			);
			name = Products;
			sourceTree = "<group>";
		};
		42DAE03424CAB6FE0020FC27 /* TinderButForYelp */ = {
			isa = PBXGroup;
			children = (
				42DAE03524CAB6FE0020FC27 /* AppDelegate.swift */,
				42DAE03724CAB6FE0020FC27 /* SceneDelegate.swift */,
				42DAE03924CAB6FE0020FC27 /* ViewController.swift */,
				42DAE03B24CAB6FE0020FC27 /* Main.storyboard */,
				42DAE03E24CAB7000020FC27 /* Assets.xcassets */,
				42DAE04024CAB7000020FC27 /* LaunchScreen.storyboard */,
				42DAE04324CAB7000020FC27 /* Info.plist */,
			);
			path = TinderButForYelp;
			sourceTree = "<group>";
		};
/* End PBXGroup section */

/* Begin PBXNativeTarget section */
		42DAE03124CAB6FE0020FC27 /* TinderButForYelp */ = {
			isa = PBXNativeTarget;
			buildConfigurationList = 42DAE04624CAB7000020FC27 /* Build configuration list for PBXNativeTarget "TinderButForYelp" */;
			buildPhases = (
				42DAE02E24CAB6FE0020FC27 /* Sources */,
				42DAE02F24CAB6FE0020FC27 /* Frameworks */,
				42DAE03024CAB6FE0020FC27 /* Resources */,
			);
			buildRules = (
			);
			dependencies = (
			);
			name = TinderButForYelp;
			productName = TinderButForYelp;
			productReference = 42DAE03224CAB6FE0020FC27 /* TinderButForYelp.app */;
			productType = "com.apple.product-type.application";
		};
/* End PBXNativeTarget section */

/* Begin PBXProject section */
		42DAE02A24CAB6FE0020FC27 /* Project object */ = {
			isa = PBXProject;
			attributes = {
				LastSwiftUpdateCheck = 1160;
				LastUpgradeCheck = 1160;
				ORGANIZATIONNAME = SameerSaptarshi;
				TargetAttributes = {
					42DAE03124CAB6FE0020FC27 = {
						CreatedOnToolsVersion = 11.6;
					};
				};
			};
			buildConfigurationList = 42DAE02D24CAB6FE0020FC27 /* Build configuration list for PBXProject "TinderButForYelp" */;
			compatibilityVersion = "Xcode 9.3";
			developmentRegion = en;
			hasScannedForEncodings = 0;
			knownRegions = (
				en,
				Base,
			);
			mainGroup = 42DAE02924CAB6FD0020FC27;
			productRefGroup = 42DAE03324CAB6FE0020FC27 /* Products */;
			projectDirPath = "";
			projectRoot = "";
			targets = (
				42DAE03124CAB6FE0020FC27 /* TinderButForYelp */,
			);
		};
/* End PBXProject section */

/* Begin PBXResourcesBuildPhase section */
		42DAE03024CAB6FE0020FC27 /* Resources */ = {
			isa = PBXResourcesBuildPhase;
			buildActionMask = 2147483647;
			files = (
				42DAE04224CAB7000020FC27 /* LaunchScreen.storyboard in Resources */,
				42DAE03F24CAB7000020FC27 /* Assets.xcassets in Resources */,
				42DAE03D24CAB6FE0020FC27 /* Main.storyboard in Resources */,
			);
			runOnlyForDeploymentPostprocessing = 0;
		};
/* End PBXResourcesBuildPhase section */

/* Begin PBXSourcesBuildPhase section */
		42DAE02E24CAB6FE0020FC27 /* Sources */ = {
			isa = PBXSourcesBuildPhase;
			buildActionMask = 2147483647;
			files = (
				42DAE03A24CAB6FE0020FC27 /* ViewController.swift in Sources */,
				42DAE03624CAB6FE0020FC27 /* AppDelegate.swift in Sources */,
				42DAE03824CAB6FE0020FC27 /* SceneDelegate.swift in Sources */,
			);
			runOnlyForDeploymentPostprocessing = 0;
		};
/* End PBXSourcesBuildPhase section */

/* Begin PBXVariantGroup section */
		42DAE03B24CAB6FE0020FC27 /* Main.storyboard */ = {
			isa = PBXVariantGroup;
			children = (
				42DAE03C24CAB6FE0020FC27 /* Base */,
			);
			name = Main.storyboard;
			sourceTree = "<group>";
		};
		42DAE04024CAB7000020FC27 /* LaunchScreen.storyboard */ = {
			isa = PBXVariantGroup;
			children = (
				42DAE04124CAB7000020FC27 /* Base */,
			);
			name = LaunchScreen.storyboard;
			sourceTree = "<group>";
		};
/* End PBXVariantGroup section */

/* Begin XCBuildConfiguration section */
		42DAE04424CAB7000020FC27 /* Debug */ = {
			isa = XCBuildConfiguration;
			buildSettings = {
				ALWAYS_SEARCH_USER_PATHS = NO;
				CLANG_ANALYZER_NONNULL = YES;
				CLANG_ANALYZER_NUMBER_OBJECT_CONVERSION = YES_AGGRESSIVE;
				CLANG_CXX_LANGUAGE_STANDARD = "gnu++14";
				CLANG_CXX_LIBRARY = "libc++";
				CLANG_ENABLE_MODULES = YES;
				CLANG_ENABLE_OBJC_ARC = YES;
				CLANG_ENABLE_OBJC_WEAK = YES;
				CLANG_WARN_BLOCK_CAPTURE_AUTORELEASING = YES;
				CLANG_WARN_BOOL_CONVERSION = YES;
				CLANG_WARN_COMMA = YES;
				CLANG_WARN_CONSTANT_CONVERSION = YES;
				CLANG_WARN_DEPRECATED_OBJC_IMPLEMENTATIONS = YES;
				CLANG_WARN_DIRECT_OBJC_ISA_USAGE = YES_ERROR;
				CLANG_WARN_DOCUMENTATION_COMMENTS = YES;
				CLANG_WARN_EMPTY_BODY = YES;
				CLANG_WARN_ENUM_CONVERSION = YES;
				CLANG_WARN_INFINITE_RECURSION = YES;
				CLANG_WARN_INT_CONVERSION = YES;
				CLANG_WARN_NON_LITERAL_NULL_CONVERSION = YES;
				CLANG_WARN_OBJC_IMPLICIT_RETAIN_SELF = YES;
				CLANG_WARN_OBJC_LITERAL_CONVERSION = YES;
				CLANG_WARN_OBJC_ROOT_CLASS = YES_ERROR;
				CLANG_WARN_RANGE_LOOP_ANALYSIS = YES;
				CLANG_WARN_STRICT_PROTOTYPES = YES;
				CLANG_WARN_SUSPICIOUS_MOVE = YES;
				CLANG_WARN_UNGUARDED_AVAILABILITY = YES_AGGRESSIVE;
				CLANG_WARN_UNREACHABLE_CODE = YES;
				CLANG_WARN__DUPLICATE_METHOD_MATCH = YES;
				COPY_PHASE_STRIP = NO;
				DEBUG_INFORMATION_FORMAT = dwarf;
				ENABLE_STRICT_OBJC_MSGSEND = YES;
				ENABLE_TESTABILITY = YES;
				GCC_C_LANGUAGE_STANDARD = gnu11;
				GCC_DYNAMIC_NO_PIC = NO;
				GCC_NO_COMMON_BLOCKS = YES;
				GCC_OPTIMIZATION_LEVEL = 0;
				GCC_PREPROCESSOR_DEFINITIONS = (
					"DEBUG=1",
					"$(inherited)",
				);
				GCC_WARN_64_TO_32_BIT_CONVERSION = YES;
				GCC_WARN_ABOUT_RETURN_TYPE = YES_ERROR;
				GCC_WARN_UNDECLARED_SELECTOR = YES;
				GCC_WARN_UNINITIALIZED_AUTOS = YES_AGGRESSIVE;
				GCC_WARN_UNUSED_FUNCTION = YES;
				GCC_WARN_UNUSED_VARIABLE = YES;
				IPHONEOS_DEPLOYMENT_TARGET = 13.6;
				MTL_ENABLE_DEBUG_INFO = INCLUDE_SOURCE;
				MTL_FAST_MATH = YES;
				ONLY_ACTIVE_ARCH = YES;
				SDKROOT = iphoneos;
				SWIFT_ACTIVE_COMPILATION_CONDITIONS = DEBUG;
				SWIFT_OPTIMIZATION_LEVEL = "-Onone";
			};
			name = Debug;
		};
		42DAE04524CAB7000020FC27 /* Release */ = {
			isa = XCBuildConfiguration;
			buildSettings = {
				ALWAYS_SEARCH_USER_PATHS = NO;
				CLANG_ANALYZER_NONNULL = YES;
				CLANG_ANALYZER_NUMBER_OBJECT_CONVERSION = YES_AGGRESSIVE;
				CLANG_CXX_LANGUAGE_STANDARD = "gnu++14";
				CLANG_CXX_LIBRARY = "libc++";
				CLANG_ENABLE_MODULES = YES;
				CLANG_ENABLE_OBJC_ARC = YES;
				CLANG_ENABLE_OBJC_WEAK = YES;
				CLANG_WARN_BLOCK_CAPTURE_AUTORELEASING = YES;
				CLANG_WARN_BOOL_CONVERSION = YES;
				CLANG_WARN_COMMA = YES;
				CLANG_WARN_CONSTANT_CONVERSION = YES;
				CLANG_WARN_DEPRECATED_OBJC_IMPLEMENTATIONS = YES;
				CLANG_WARN_DIRECT_OBJC_ISA_USAGE = YES_ERROR;
				CLANG_WARN_DOCUMENTATION_COMMENTS = YES;
				CLANG_WARN_EMPTY_BODY = YES;
				CLANG_WARN_ENUM_CONVERSION = YES;
				CLANG_WARN_INFINITE_RECURSION = YES;
				CLANG_WARN_INT_CONVERSION = YES;
				CLANG_WARN_NON_LITERAL_NULL_CONVERSION = YES;
				CLANG_WARN_OBJC_IMPLICIT_RETAIN_SELF = YES;
				CLANG_WARN_OBJC_LITERAL_CONVERSION = YES;
				CLANG_WARN_OBJC_ROOT_CLASS = YES_ERROR;
				CLANG_WARN_RANGE_LOOP_ANALYSIS = YES;
				CLANG_WARN_STRICT_PROTOTYPES = YES;
				CLANG_WARN_SUSPICIOUS_MOVE = YES;
				CLANG_WARN_UNGUARDED_AVAILABILITY = YES_AGGRESSIVE;
				CLANG_WARN_UNREACHABLE_CODE = YES;
				CLANG_WARN__DUPLICATE_METHOD_MATCH = YES;
				COPY_PHASE_STRIP = NO;
				DEBUG_INFORMATION_FORMAT = "dwarf-with-dsym";
				ENABLE_NS_ASSERTIONS = NO;
				ENABLE_STRICT_OBJC_MSGSEND = YES;
				GCC_C_LANGUAGE_STANDARD = gnu11;
				GCC_NO_COMMON_BLOCKS = YES;
				GCC_WARN_64_TO_32_BIT_CONVERSION = YES;
				GCC_WARN_ABOUT_RETURN_TYPE = YES_ERROR;
				GCC_WARN_UNDECLARED_SELECTOR = YES;
				GCC_WARN_UNINITIALIZED_AUTOS = YES_AGGRESSIVE;
				GCC_WARN_UNUSED_FUNCTION = YES;
				GCC_WARN_UNUSED_VARIABLE = YES;
				IPHONEOS_DEPLOYMENT_TARGET = 13.6;
				MTL_ENABLE_DEBUG_INFO = NO;
				MTL_FAST_MATH = YES;
				SDKROOT = iphoneos;
				SWIFT_COMPILATION_MODE = wholemodule;
				SWIFT_OPTIMIZATION_LEVEL = "-O";
				VALIDATE_PRODUCT = YES;
			};
			name = Release;
		};
		42DAE04724CAB7000020FC27 /* Debug */ = {
			isa = XCBuildConfiguration;
			buildSettings = {
				ASSETCATALOG_COMPILER_APPICON_NAME = AppIcon;
				CODE_SIGN_STYLE = Automatic;
				DEVELOPMENT_TEAM = W6BF9VK3B4;
				INFOPLIST_FILE = TinderButForYelp/Info.plist;
				LD_RUNPATH_SEARCH_PATHS = (
					"$(inherited)",
					"@executable_path/Frameworks",
				);
				PRODUCT_BUNDLE_IDENTIFIER = com.sameersaptarshi.TinderButForYelp;
				PRODUCT_NAME = "$(TARGET_NAME)";
				SWIFT_VERSION = 5.0;
				TARGETED_DEVICE_FAMILY = "1,2";
			};
			name = Debug;
		};
		42DAE04824CAB7000020FC27 /* Release */ = {
			isa = XCBuildConfiguration;
			buildSettings = {
				ASSETCATALOG_COMPILER_APPICON_NAME = AppIcon;
				CODE_SIGN_STYLE = Automatic;
				DEVELOPMENT_TEAM = W6BF9VK3B4;
				INFOPLIST_FILE = TinderButForYelp/Info.plist;
				LD_RUNPATH_SEARCH_PATHS = (
					"$(inherited)",
					"@executable_path/Frameworks",
				);
				PRODUCT_BUNDLE_IDENTIFIER = com.sameersaptarshi.TinderButForYelp;
				PRODUCT_NAME = "$(TARGET_NAME)";
				SWIFT_VERSION = 5.0;
				TARGETED_DEVICE_FAMILY = "1,2";
			};
			name = Release;
		};
/* End XCBuildConfiguration section */

/* Begin XCConfigurationList section */
		42DAE02D24CAB6FE0020FC27 /* Build configuration list for PBXProject "TinderButForYelp" */ = {
			isa = XCConfigurationList;
			buildConfigurations = (
				42DAE04424CAB7000020FC27 /* Debug */,
				42DAE04524CAB7000020FC27 /* Release */,
			);
			defaultConfigurationIsVisible = 0;
			defaultConfigurationName = Release;
		};
		42DAE04624CAB7000020FC27 /* Build configuration list for PBXNativeTarget "TinderButForYelp" */ = {
			isa = XCConfigurationList;
			buildConfigurations = (
				42DAE04724CAB7000020FC27 /* Debug */,
				42DAE04824CAB7000020FC27 /* Release */,
			);
			defaultConfigurationIsVisible = 0;
			defaultConfigurationName = Release;
		};
/* End XCConfigurationList section */
	};
	rootObject = 42DAE02A24CAB6FE0020FC27 /* Project object */;
}
